
Microsoft Visual Studio Solution File, Format Version 12.00
# Visual Studio 2012
Project("{FAE04EC0-301F-11D3-BF4B-00C04F79EFBC}") = "Event", "Event.csproj", "{C082E47F-2770-47A9-BF63-B18E5909BDBB}"
EndProject
Global
	GlobalSection(SolutionConfigurationPlatforms) = preSolution
		Debug|Any CPU = Debug|Any CPU
		Release|Any CPU = Release|Any CPU
	EndGlobalSection
	GlobalSection(ProjectConfigurationPlatforms) = postSolution
		{C082E47F-2770-47A9-BF63-B18E5909BDBB}.Debug|Any CPU.ActiveCfg = Debug|Any CPU
		{C082E47F-2770-47A9-BF63-B18E5909BDBB}.Debug|Any CPU.Build.0 = Debug|Any CPU
		{C082E47F-2770-47A9-BF63-B18E5909BDBB}.Release|Any CPU.ActiveCfg = Release|Any CPU
		{C082E47F-2770-47A9-BF63-B18E5909BDBB}.Release|Any CPU.Build.0 = Release|Any CPU
	EndGlobalSection
	GlobalSection(SolutionProperties) = preSolution
		HideSolutionNode = FALSE
	EndGlobalSection
EndGlobal
