
Microsoft Visual Studio Solution File, Format Version 12.00
# Visual Studio 2013
VisualStudioVersion = 12.0.40629.0
MinimumVisualStudioVersion = 10.0.40219.1
Project("{FAE04EC0-301F-11D3-BF4B-00C04F79EFBC}") = "ProcessesAndThreads", "ProcessesAndThreads\ProcessesAndThreads.csproj", "{8B9C93F5-9EAC-480B-9890-6E9D073995E7}"
EndProject
Global
	GlobalSection(SolutionConfigurationPlatforms) = preSolution
		Debug|Any CPU = Debug|Any CPU
		Release|Any CPU = Release|Any CPU
	EndGlobalSection
	GlobalSection(ProjectConfigurationPlatforms) = postSolution
		{8B9C93F5-9EAC-480B-9890-6E9D073995E7}.Debug|Any CPU.ActiveCfg = Debug|Any CPU
		{8B9C93F5-9EAC-480B-9890-6E9D073995E7}.Debug|Any CPU.Build.0 = Debug|Any CPU
		{8B9C93F5-9EAC-480B-9890-6E9D073995E7}.Release|Any CPU.ActiveCfg = Release|Any CPU
		{8B9C93F5-9EAC-480B-9890-6E9D073995E7}.Release|Any CPU.Build.0 = Release|Any CPU
	EndGlobalSection
	GlobalSection(SolutionProperties) = preSolution
		HideSolutionNode = FALSE
	EndGlobalSection
EndGlobal
