
Microsoft Visual Studio Solution File, Format Version 12.00
# Visual Studio 2013
VisualStudioVersion = 12.0.21005.1
MinimumVisualStudioVersion = 10.0.40219.1
Project("{8BC9CEB8-8B4A-11D0-8D11-00A0C91BC942}") = "One_ArmedBandit", "One_ArmedBandit\One_ArmedBandit.vcxproj", "{84D99C47-C6A8-4DF5-8523-D4C051B6F888}"
EndProject
Global
	GlobalSection(SolutionConfigurationPlatforms) = preSolution
		Debug|Win32 = Debug|Win32
		Release|Win32 = Release|Win32
	EndGlobalSection
	GlobalSection(ProjectConfigurationPlatforms) = postSolution
		{84D99C47-C6A8-4DF5-8523-D4C051B6F888}.Debug|Win32.ActiveCfg = Debug|Win32
		{84D99C47-C6A8-4DF5-8523-D4C051B6F888}.Debug|Win32.Build.0 = Debug|Win32
		{84D99C47-C6A8-4DF5-8523-D4C051B6F888}.Release|Win32.ActiveCfg = Release|Win32
		{84D99C47-C6A8-4DF5-8523-D4C051B6F888}.Release|Win32.Build.0 = Release|Win32
	EndGlobalSection
	GlobalSection(SolutionProperties) = preSolution
		HideSolutionNode = FALSE
	EndGlobalSection
EndGlobal
